<?xml version="1.0" encoding="utf-8"?>
<Project ToolsVersion="4.0" xmlns="http://schemas.microsoft.com/developer/msbuild/2003">
  <ItemGroup>
    <ClCompile Include="main.cpp" />
    <ClCompile Include="tileset.cpp">
      <Filter>Graphics</Filter>
    </ClCompile>
    <ClCompile Include="game.cpp">
      <Filter>EngineCore</Filter>
    </ClCompile>
    <ClCompile Include="functions.cpp">
      <Filter>EngineCore</Filter>
    </ClCompile>
    <ClCompile Include="Geometry.cpp">
      <Filter>Utils</Filter>
    </ClCompile>
    <ClCompile Include="Array2D.h">
      <Filter>Utils</Filter>
    </ClCompile>
    <ClCompile Include="AnimatedImage.cpp">
      <Filter>Graphics</Filter>
    </ClCompile>
    <ClCompile Include="TileImage.cpp">
      <Filter>Graphics</Filter>
    </ClCompile>
    <ClCompile Include="BombermanAssets.cpp" />
    <ClCompile Include="BombermanGame.cpp">
      <Filter>Game</Filter>
    </ClCompile>
    <ClCompile Include="PlayerInput.cpp">
      <Filter>Game</Filter>
    </ClCompile>
    <ClCompile Include="Player.cpp">
      <Filter>Game</Filter>
    </ClCompile>
    <ClCompile Include="Level.cpp">
      <Filter>Game\Level</Filter>
    </ClCompile>
    <ClCompile Include="PathFinding.cpp">
      <Filter>Game\Level</Filter>
    </ClCompile>
    <ClCompile Include="ExplosionController.cpp">
      <Filter>Game\Level</Filter>
    </ClCompile>
    <ClCompile Include="LevelCell.cpp">
      <Filter>Game\Level</Filter>
    </ClCompile>
  </ItemGroup>
  <ItemGroup>
    <ClInclude Include="pch.h" />
    <ClInclude Include="tileset.h">
      <Filter>Graphics</Filter>
    </ClInclude>
    <ClInclude Include="game.h">
      <Filter>EngineCore</Filter>
    </ClInclude>
    <ClInclude Include="functions.h">
      <Filter>EngineCore</Filter>
    </ClInclude>
    <ClInclude Include="Image.h">
      <Filter>Graphics</Filter>
    </ClInclude>
    <ClInclude Include="GameManager.h">
      <Filter>EngineCore</Filter>
    </ClInclude>
    <ClInclude Include="Geometry.h">
      <Filter>Utils</Filter>
    </ClInclude>
    <ClInclude Include="TileImage.h">
      <Filter>Graphics</Filter>
    </ClInclude>
    <ClInclude Include="AnimatedImage.h">
      <Filter>Graphics</Filter>
    </ClInclude>
    <ClInclude Include="BombermanAssets.h">
      <Filter>Game</Filter>
    </ClInclude>
    <ClInclude Include="BombermanGame.h">
      <Filter>Game</Filter>
    </ClInclude>
    <ClInclude Include="Mob.h">
      <Filter>Game</Filter>
    </ClInclude>
    <ClInclude Include="PlayerInput.h">
      <Filter>Game</Filter>
    </ClInclude>
    <ClInclude Include="MoveDirection.h">
      <Filter>Game</Filter>
    </ClInclude>
    <ClInclude Include="Player.h">
      <Filter>Game</Filter>
    </ClInclude>
    <ClInclude Include="Level.h">
      <Filter>Game\Level</Filter>
    </ClInclude>
    <ClInclude Include="PathFinding.h">
      <Filter>Game\Level</Filter>
    </ClInclude>
    <ClInclude Include="ExplosionController.h">
      <Filter>Game\Level</Filter>
    </ClInclude>
    <ClInclude Include="LevelCell.h">
      <Filter>Game\Level</Filter>
    </ClInclude>
  </ItemGroup>
  <ItemGroup>
    <Filter Include="Graphics">
      <UniqueIdentifier>{fa698663-ebc7-4bd0-84df-b043e88fc82b}</UniqueIdentifier>
    </Filter>
    <Filter Include="EngineCore">
      <UniqueIdentifier>{a0ed49c4-0ca1-4019-8f6e-0526459338d7}</UniqueIdentifier>
    </Filter>
    <Filter Include="Game">
      <UniqueIdentifier>{bb387deb-da39-4434-8501-29bf8b603c6f}</UniqueIdentifier>
    </Filter>
    <Filter Include="Utils">
      <UniqueIdentifier>{1674e3db-7e60-44eb-b14b-9c24694e9784}</UniqueIdentifier>
    </Filter>
    <Filter Include="Audio">
      <UniqueIdentifier>{e5777109-87cb-4626-8484-f8b36d9a4510}</UniqueIdentifier>
    </Filter>
    <Filter Include="Game\Level">
      <UniqueIdentifier>{15366d8d-56e5-460c-8ffb-563f9ee67642}</UniqueIdentifier>
    </Filter>
  </ItemGroup>
</Project>